# This file is autogenerated, do not edit; changes may be undone by the next 'dep ensure'.


[[projects]]
  branch = "master"
  name = "github.com/Bowery/prompt"
  packages = ["."]
  revision = "972d0ceb96f55132a1ba9714cb771ce19b3821ab"

[[projects]]
  name = "github.com/labstack/gommon"
  packages = ["color"]
  revision = "7fd9f68ece0bcb1a905fac8f1549f0083f71c51b"
  version = "v0.2.8"

[[projects]]
  name = "github.com/mattn/go-colorable"
  packages = ["."]
  revision = "8029fb3788e5a4a9c00e415f586a6d033f5d38b3"
  version = "v0.1.2"

[[projects]]
  name = "github.com/mattn/go-isatty"
  packages = ["."]
  revision = "1311e847b0cb909da63b5fecfb5370aa66236465"
  version = "v0.0.8"

[[projects]]
  name = "github.com/mkideal/cli"
  packages = ["."]
  revision = "a89c6c3b86c237e09ba35bd2343c5211b2552661"
  version = "v0.0.2"

[[projects]]
  branch = "master"
  name = "github.com/mkideal/pkg"
  packages = [
    "debug",
    "expr"
  ]
  revision = "3e188c9e7ecc83d0fe7040a9161ce3c67885470d"

[[projects]]
  branch = "master"
  name = "golang.org/x/sys"
  packages = ["unix"]
  revision = "adf421d2caf4ffcf74142ff5fb9ee323b21a819e"

[solve-meta]
  analyzer-name = "dep"
  analyzer-version = 1
  inputs-digest = "b204f3c28fa07758426352ef46575916ba71b7cf8363eb04ebf8c9a929badfa2"
  solver-name = "gps-cdcl"
  solver-version = 1
